
Microsoft Visual Studio Solution File, Format Version 12.00
# Visual Studio Version 16
VisualStudioVersion = 16.0.29920.165
MinimumVisualStudioVersion = 10.0.40219.1
Project("{9A19103F-16F7-4668-BE54-9A1E7A4F7556}") = "ProjectManagementWebApiCore", "ProjectManagementWebApiCore.csproj", "{6E48C50A-903F-40F6-A72F-0FDC08058489}"
EndProject
Global
	GlobalSection(SolutionConfigurationPlatforms) = preSolution
		Debug|Any CPU = Debug|Any CPU
		Release|Any CPU = Release|Any CPU
	EndGlobalSection
	GlobalSection(ProjectConfigurationPlatforms) = postSolution
		{6E48C50A-903F-40F6-A72F-0FDC08058489}.Debug|Any CPU.ActiveCfg = Debug|Any CPU
		{6E48C50A-903F-40F6-A72F-0FDC08058489}.Debug|Any CPU.Build.0 = Debug|Any CPU
		{6E48C50A-903F-40F6-A72F-0FDC08058489}.Release|Any CPU.ActiveCfg = Release|Any CPU
		{6E48C50A-903F-40F6-A72F-0FDC08058489}.Release|Any CPU.Build.0 = Release|Any CPU
	EndGlobalSection
	GlobalSection(SolutionProperties) = preSolution
		HideSolutionNode = FALSE
	EndGlobalSection
	GlobalSection(ExtensibilityGlobals) = postSolution
		SolutionGuid = {36D5F7D0-8620-4527-B63C-4E82C964F3FD}
	EndGlobalSection
EndGlobal
